// !$*UTF8*$!
{
	archiveVersion = 1;
	classes = {
	};
	objectVersion = 50;
	objects = {

/* Begin PBXBuildFile section */
		160A9BFB25C0D1AF00F27418 /* AppDelegate.swift in Sources */ = {isa = PBXBuildFile; fileRef = 160A9BFA25C0D1AF00F27418 /* AppDelegate.swift */; };
		160A9BFD25C0D1AF00F27418 /* SceneDelegate.swift in Sources */ = {isa = PBXBuildFile; fileRef = 160A9BFC25C0D1AF00F27418 /* SceneDelegate.swift */; };
		160A9BFF25C0D1AF00F27418 /* ViewController.swift in Sources */ = {isa = PBXBuildFile; fileRef = 160A9BFE25C0D1AF00F27418 /* ViewController.swift */; };
		160A9C0225C0D1AF00F27418 /* Main.storyboard in Resources */ = {isa = PBXBuildFile; fileRef = 160A9C0025C0D1AF00F27418 /* Main.storyboard */; };
		160A9C0425C0D1B100F27418 /* Assets.xcassets in Resources */ = {isa = PBXBuildFile; fileRef = 160A9C0325C0D1B100F27418 /* Assets.xcassets */; };
		160A9C0725C0D1B100F27418 /* LaunchScreen.storyboard in Resources */ = {isa = PBXBuildFile; fileRef = 160A9C0525C0D1B100F27418 /* LaunchScreen.storyboard */; };
		160A9C1025C0D1E900F27418 /* FancyButton.swift in Sources */ = {isa = PBXBuildFile; fileRef = 160A9C0F25C0D1E900F27418 /* FancyButton.swift */; };
/* End PBXBuildFile section */

/* Begin PBXFileReference section */
		160A9BF725C0D1AF00F27418 /* 11CustomButtons.app */ = {isa = PBXFileReference; explicitFileType = wrapper.application; includeInIndex = 0; path = 11CustomButtons.app; sourceTree = BUILT_PRODUCTS_DIR; };
		160A9BFA25C0D1AF00F27418 /* AppDelegate.swift */ = {isa = PBXFileReference; lastKnownFileType = sourcecode.swift; path = AppDelegate.swift; sourceTree = "<group>"; };
		160A9BFC25C0D1AF00F27418 /* SceneDelegate.swift */ = {isa = PBXFileReference; lastKnownFileType = sourcecode.swift; path = SceneDelegate.swift; sourceTree = "<group>"; };
		160A9BFE25C0D1AF00F27418 /* ViewController.swift */ = {isa = PBXFileReference; lastKnownFileType = sourcecode.swift; path = ViewController.swift; sourceTree = "<group>"; };
		160A9C0125C0D1AF00F27418 /* Base */ = {isa = PBXFileReference; lastKnownFileType = file.storyboard; name = Base; path = Base.lproj/Main.storyboard; sourceTree = "<group>"; };
		160A9C0325C0D1B100F27418 /* Assets.xcassets */ = {isa = PBXFileReference; lastKnownFileType = folder.assetcatalog; path = Assets.xcassets; sourceTree = "<group>"; };
		160A9C0625C0D1B100F27418 /* Base */ = {isa = PBXFileReference; lastKnownFileType = file.storyboard; name = Base; path = Base.lproj/LaunchScreen.storyboard; sourceTree = "<group>"; };
		160A9C0825C0D1B100F27418 /* Info.plist */ = {isa = PBXFileReference; lastKnownFileType = text.plist.xml; path = Info.plist; sourceTree = "<group>"; };
		160A9C0F25C0D1E900F27418 /* FancyButton.swift */ = {isa = PBXFileReference; lastKnownFileType = sourcecode.swift; path = FancyButton.swift; sourceTree = "<group>"; };
/* End PBXFileReference section */

/* Begin PBXFrameworksBuildPhase section */
		160A9BF425C0D1AF00F27418 /* Frameworks */ = {
			isa = PBXFrameworksBuildPhase;
			buildActionMask = 2147483647;
			files = (
			);
			runOnlyForDeploymentPostprocessing = 0;
		};
/* End PBXFrameworksBuildPhase section */

/* Begin PBXGroup section */
		160A9BEE25C0D1AF00F27418 = {
			isa = PBXGroup;
			children = (
				160A9BF925C0D1AF00F27418 /* 11CustomButtons */,
				160A9BF825C0D1AF00F27418 /* Products */,
			);
			sourceTree = "<group>";
		};
		160A9BF825C0D1AF00F27418 /* Products */ = {
			isa = PBXGroup;
			children = (
				160A9BF725C0D1AF00F27418 /* 11CustomButtons.app */,
			);
			name = Products;
			sourceTree = "<group>";
		};
		160A9BF925C0D1AF00F27418 /* 11CustomButtons */ = {
			isa = PBXGroup;
			children = (
				16C7A47125C31F36005695CD /* Storyboards */,
				160A9C0325C0D1B100F27418 /* Assets.xcassets */,
				160A9C0825C0D1B100F27418 /* Info.plist */,
				16C7A46F25C31F17005695CD /* Scripts */,
			);
			path = 11CustomButtons;
			sourceTree = "<group>";
		};
		16C7A46F25C31F17005695CD /* Scripts */ = {
			isa = PBXGroup;
			children = (
				160A9BFA25C0D1AF00F27418 /* AppDelegate.swift */,
				160A9BFC25C0D1AF00F27418 /* SceneDelegate.swift */,
				160A9BFE25C0D1AF00F27418 /* ViewController.swift */,
				160A9C0F25C0D1E900F27418 /* FancyButton.swift */,
			);
			path = Scripts;
			sourceTree = "<group>";
		};
		16C7A47125C31F36005695CD /* Storyboards */ = {
			isa = PBXGroup;
			children = (
				160A9C0025C0D1AF00F27418 /* Main.storyboard */,
				160A9C0525C0D1B100F27418 /* LaunchScreen.storyboard */,
			);
			path = Storyboards;
			sourceTree = "<group>";
		};
/* End PBXGroup section */

/* Begin PBXNativeTarget section */
		160A9BF625C0D1AF00F27418 /* 11CustomButtons */ = {
			isa = PBXNativeTarget;
			buildConfigurationList = 160A9C0B25C0D1B100F27418 /* Build configuration list for PBXNativeTarget "11CustomButtons" */;
			buildPhases = (
				160A9BF325C0D1AF00F27418 /* Sources */,
				160A9BF425C0D1AF00F27418 /* Frameworks */,
				160A9BF525C0D1AF00F27418 /* Resources */,
			);
			buildRules = (
			);
			dependencies = (
			);
			name = 11CustomButtons;
			productName = 11CustomButtons;
			productReference = 160A9BF725C0D1AF00F27418 /* 11CustomButtons.app */;
			productType = "com.apple.product-type.application";
		};
/* End PBXNativeTarget section */

/* Begin PBXProject section */
		160A9BEF25C0D1AF00F27418 /* Project object */ = {
			isa = PBXProject;
			attributes = {
				LastSwiftUpdateCheck = 1230;
				LastUpgradeCheck = 1230;
				TargetAttributes = {
					160A9BF625C0D1AF00F27418 = {
						CreatedOnToolsVersion = 12.3;
					};
				};
			};
			buildConfigurationList = 160A9BF225C0D1AF00F27418 /* Build configuration list for PBXProject "11CustomButtons" */;
			compatibilityVersion = "Xcode 9.3";
			developmentRegion = en;
			hasScannedForEncodings = 0;
			knownRegions = (
				en,
				Base,
			);
			mainGroup = 160A9BEE25C0D1AF00F27418;
			productRefGroup = 160A9BF825C0D1AF00F27418 /* Products */;
			projectDirPath = "";
			projectRoot = "";
			targets = (
				160A9BF625C0D1AF00F27418 /* 11CustomButtons */,
			);
		};
/* End PBXProject section */

/* Begin PBXResourcesBuildPhase section */
		160A9BF525C0D1AF00F27418 /* Resources */ = {
			isa = PBXResourcesBuildPhase;
			buildActionMask = 2147483647;
			files = (
				160A9C0725C0D1B100F27418 /* LaunchScreen.storyboard in Resources */,
				160A9C0425C0D1B100F27418 /* Assets.xcassets in Resources */,
				160A9C0225C0D1AF00F27418 /* Main.storyboard in Resources */,
			);
			runOnlyForDeploymentPostprocessing = 0;
		};
/* End PBXResourcesBuildPhase section */

/* Begin PBXSourcesBuildPhase section */
		160A9BF325C0D1AF00F27418 /* Sources */ = {
			isa = PBXSourcesBuildPhase;
			buildActionMask = 2147483647;
			files = (
				160A9BFF25C0D1AF00F27418 /* ViewController.swift in Sources */,
				160A9C1025C0D1E900F27418 /* FancyButton.swift in Sources */,
				160A9BFB25C0D1AF00F27418 /* AppDelegate.swift in Sources */,
				160A9BFD25C0D1AF00F27418 /* SceneDelegate.swift in Sources */,
			);
			runOnlyForDeploymentPostprocessing = 0;
		};
/* End PBXSourcesBuildPhase section */

/* Begin PBXVariantGroup section */
		160A9C0025C0D1AF00F27418 /* Main.storyboard */ = {
			isa = PBXVariantGroup;
			children = (
				160A9C0125C0D1AF00F27418 /* Base */,
			);
			name = Main.storyboard;
			sourceTree = "<group>";
		};
		160A9C0525C0D1B100F27418 /* LaunchScreen.storyboard */ = {
			isa = PBXVariantGroup;
			children = (
				160A9C0625C0D1B100F27418 /* Base */,
			);
			name = LaunchScreen.storyboard;
			sourceTree = "<group>";
		};
/* End PBXVariantGroup section */

/* Begin XCBuildConfiguration section */
		160A9C0925C0D1B100F27418 /* Debug */ = {
			isa = XCBuildConfiguration;
			buildSettings = {
				ALWAYS_SEARCH_USER_PATHS = NO;
				CLANG_ANALYZER_NONNULL = YES;
				CLANG_ANALYZER_NUMBER_OBJECT_CONVERSION = YES_AGGRESSIVE;
				CLANG_CXX_LANGUAGE_STANDARD = "gnu++14";
				CLANG_CXX_LIBRARY = "libc++";
				CLANG_ENABLE_MODULES = YES;
				CLANG_ENABLE_OBJC_ARC = YES;
				CLANG_ENABLE_OBJC_WEAK = YES;
				CLANG_WARN_BLOCK_CAPTURE_AUTORELEASING = YES;
				CLANG_WARN_BOOL_CONVERSION = YES;
				CLANG_WARN_COMMA = YES;
				CLANG_WARN_CONSTANT_CONVERSION = YES;
				CLANG_WARN_DEPRECATED_OBJC_IMPLEMENTATIONS = YES;
				CLANG_WARN_DIRECT_OBJC_ISA_USAGE = YES_ERROR;
				CLANG_WARN_DOCUMENTATION_COMMENTS = YES;
				CLANG_WARN_EMPTY_BODY = YES;
				CLANG_WARN_ENUM_CONVERSION = YES;
				CLANG_WARN_INFINITE_RECURSION = YES;
				CLANG_WARN_INT_CONVERSION = YES;
				CLANG_WARN_NON_LITERAL_NULL_CONVERSION = YES;
				CLANG_WARN_OBJC_IMPLICIT_RETAIN_SELF = YES;
				CLANG_WARN_OBJC_LITERAL_CONVERSION = YES;
				CLANG_WARN_OBJC_ROOT_CLASS = YES_ERROR;
				CLANG_WARN_QUOTED_INCLUDE_IN_FRAMEWORK_HEADER = YES;
				CLANG_WARN_RANGE_LOOP_ANALYSIS = YES;
				CLANG_WARN_STRICT_PROTOTYPES = YES;
				CLANG_WARN_SUSPICIOUS_MOVE = YES;
				CLANG_WARN_UNGUARDED_AVAILABILITY = YES_AGGRESSIVE;
				CLANG_WARN_UNREACHABLE_CODE = YES;
				CLANG_WARN__DUPLICATE_METHOD_MATCH = YES;
				COPY_PHASE_STRIP = NO;
				DEBUG_INFORMATION_FORMAT = dwarf;
				ENABLE_STRICT_OBJC_MSGSEND = YES;
				ENABLE_TESTABILITY = YES;
				GCC_C_LANGUAGE_STANDARD = gnu11;
				GCC_DYNAMIC_NO_PIC = NO;
				GCC_NO_COMMON_BLOCKS = YES;
				GCC_OPTIMIZATION_LEVEL = 0;
				GCC_PREPROCESSOR_DEFINITIONS = (
					"DEBUG=1",
					"$(inherited)",
				);
				GCC_WARN_64_TO_32_BIT_CONVERSION = YES;
				GCC_WARN_ABOUT_RETURN_TYPE = YES_ERROR;
				GCC_WARN_UNDECLARED_SELECTOR = YES;
				GCC_WARN_UNINITIALIZED_AUTOS = YES_AGGRESSIVE;
				GCC_WARN_UNUSED_FUNCTION = YES;
				GCC_WARN_UNUSED_VARIABLE = YES;
				IPHONEOS_DEPLOYMENT_TARGET = 14.3;
				MTL_ENABLE_DEBUG_INFO = INCLUDE_SOURCE;
				MTL_FAST_MATH = YES;
				ONLY_ACTIVE_ARCH = YES;
				SDKROOT = iphoneos;
				SWIFT_ACTIVE_COMPILATION_CONDITIONS = DEBUG;
				SWIFT_OPTIMIZATION_LEVEL = "-Onone";
			};
			name = Debug;
		};
		160A9C0A25C0D1B100F27418 /* Release */ = {
			isa = XCBuildConfiguration;
			buildSettings = {
				ALWAYS_SEARCH_USER_PATHS = NO;
				CLANG_ANALYZER_NONNULL = YES;
				CLANG_ANALYZER_NUMBER_OBJECT_CONVERSION = YES_AGGRESSIVE;
				CLANG_CXX_LANGUAGE_STANDARD = "gnu++14";
				CLANG_CXX_LIBRARY = "libc++";
				CLANG_ENABLE_MODULES = YES;
				CLANG_ENABLE_OBJC_ARC = YES;
				CLANG_ENABLE_OBJC_WEAK = YES;
				CLANG_WARN_BLOCK_CAPTURE_AUTORELEASING = YES;
				CLANG_WARN_BOOL_CONVERSION = YES;
				CLANG_WARN_COMMA = YES;
				CLANG_WARN_CONSTANT_CONVERSION = YES;
				CLANG_WARN_DEPRECATED_OBJC_IMPLEMENTATIONS = YES;
				CLANG_WARN_DIRECT_OBJC_ISA_USAGE = YES_ERROR;
				CLANG_WARN_DOCUMENTATION_COMMENTS = YES;
				CLANG_WARN_EMPTY_BODY = YES;
				CLANG_WARN_ENUM_CONVERSION = YES;
				CLANG_WARN_INFINITE_RECURSION = YES;
				CLANG_WARN_INT_CONVERSION = YES;
				CLANG_WARN_NON_LITERAL_NULL_CONVERSION = YES;
				CLANG_WARN_OBJC_IMPLICIT_RETAIN_SELF = YES;
				CLANG_WARN_OBJC_LITERAL_CONVERSION = YES;
				CLANG_WARN_OBJC_ROOT_CLASS = YES_ERROR;
				CLANG_WARN_QUOTED_INCLUDE_IN_FRAMEWORK_HEADER = YES;
				CLANG_WARN_RANGE_LOOP_ANALYSIS = YES;
				CLANG_WARN_STRICT_PROTOTYPES = YES;
				CLANG_WARN_SUSPICIOUS_MOVE = YES;
				CLANG_WARN_UNGUARDED_AVAILABILITY = YES_AGGRESSIVE;
				CLANG_WARN_UNREACHABLE_CODE = YES;
				CLANG_WARN__DUPLICATE_METHOD_MATCH = YES;
				COPY_PHASE_STRIP = NO;
				DEBUG_INFORMATION_FORMAT = "dwarf-with-dsym";
				ENABLE_NS_ASSERTIONS = NO;
				ENABLE_STRICT_OBJC_MSGSEND = YES;
				GCC_C_LANGUAGE_STANDARD = gnu11;
				GCC_NO_COMMON_BLOCKS = YES;
				GCC_WARN_64_TO_32_BIT_CONVERSION = YES;
				GCC_WARN_ABOUT_RETURN_TYPE = YES_ERROR;
				GCC_WARN_UNDECLARED_SELECTOR = YES;
				GCC_WARN_UNINITIALIZED_AUTOS = YES_AGGRESSIVE;
				GCC_WARN_UNUSED_FUNCTION = YES;
				GCC_WARN_UNUSED_VARIABLE = YES;
				IPHONEOS_DEPLOYMENT_TARGET = 14.3;
				MTL_ENABLE_DEBUG_INFO = NO;
				MTL_FAST_MATH = YES;
				SDKROOT = iphoneos;
				SWIFT_COMPILATION_MODE = wholemodule;
				SWIFT_OPTIMIZATION_LEVEL = "-O";
				VALIDATE_PRODUCT = YES;
			};
			name = Release;
		};
		160A9C0C25C0D1B100F27418 /* Debug */ = {
			isa = XCBuildConfiguration;
			buildSettings = {
				ASSETCATALOG_COMPILER_APPICON_NAME = AppIcon;
				ASSETCATALOG_COMPILER_GLOBAL_ACCENT_COLOR_NAME = AccentColor;
				CODE_SIGN_STYLE = Automatic;
				INFOPLIST_FILE = 11CustomButtons/Info.plist;
				LD_RUNPATH_SEARCH_PATHS = (
					"$(inherited)",
					"@executable_path/Frameworks",
				);
				PRODUCT_BUNDLE_IDENTIFIER = "dariaeremina.-1CustomButtons";
				PRODUCT_NAME = "$(TARGET_NAME)";
				SWIFT_VERSION = 5.0;
				TARGETED_DEVICE_FAMILY = "1,2";
			};
			name = Debug;
		};
		160A9C0D25C0D1B100F27418 /* Release */ = {
			isa = XCBuildConfiguration;
			buildSettings = {
				ASSETCATALOG_COMPILER_APPICON_NAME = AppIcon;
				ASSETCATALOG_COMPILER_GLOBAL_ACCENT_COLOR_NAME = AccentColor;
				CODE_SIGN_STYLE = Automatic;
				INFOPLIST_FILE = 11CustomButtons/Info.plist;
				LD_RUNPATH_SEARCH_PATHS = (
					"$(inherited)",
					"@executable_path/Frameworks",
				);
				PRODUCT_BUNDLE_IDENTIFIER = "dariaeremina.-1CustomButtons";
				PRODUCT_NAME = "$(TARGET_NAME)";
				SWIFT_VERSION = 5.0;
				TARGETED_DEVICE_FAMILY = "1,2";
			};
			name = Release;
		};
/* End XCBuildConfiguration section */

/* Begin XCConfigurationList section */
		160A9BF225C0D1AF00F27418 /* Build configuration list for PBXProject "11CustomButtons" */ = {
			isa = XCConfigurationList;
			buildConfigurations = (
				160A9C0925C0D1B100F27418 /* Debug */,
				160A9C0A25C0D1B100F27418 /* Release */,
			);
			defaultConfigurationIsVisible = 0;
			defaultConfigurationName = Release;
		};
		160A9C0B25C0D1B100F27418 /* Build configuration list for PBXNativeTarget "11CustomButtons" */ = {
			isa = XCConfigurationList;
			buildConfigurations = (
				160A9C0C25C0D1B100F27418 /* Debug */,
				160A9C0D25C0D1B100F27418 /* Release */,
			);
			defaultConfigurationIsVisible = 0;
			defaultConfigurationName = Release;
		};
/* End XCConfigurationList section */
	};
	rootObject = 160A9BEF25C0D1AF00F27418 /* Project object */;
}
