// !$*UTF8*$!
{
	archiveVersion = 1;
	classes = {
	};
	objectVersion = 50;
	objects = {

/* Begin PBXBuildFile section */
		1655943725C5DC32002B229D /* AppDelegate.swift in Sources */ = {isa = PBXBuildFile; fileRef = 1655943625C5DC32002B229D /* AppDelegate.swift */; };
		1655943925C5DC32002B229D /* SceneDelegate.swift in Sources */ = {isa = PBXBuildFile; fileRef = 1655943825C5DC32002B229D /* SceneDelegate.swift */; };
		1655943B25C5DC32002B229D /* ViewController.swift in Sources */ = {isa = PBXBuildFile; fileRef = 1655943A25C5DC32002B229D /* ViewController.swift */; };
		1655943E25C5DC32002B229D /* Main.storyboard in Resources */ = {isa = PBXBuildFile; fileRef = 1655943C25C5DC32002B229D /* Main.storyboard */; };
		1655944025C5DC33002B229D /* Assets.xcassets in Resources */ = {isa = PBXBuildFile; fileRef = 1655943F25C5DC33002B229D /* Assets.xcassets */; };
		1655944325C5DC33002B229D /* LaunchScreen.storyboard in Resources */ = {isa = PBXBuildFile; fileRef = 1655944125C5DC33002B229D /* LaunchScreen.storyboard */; };
		1655944C25C5FEDF002B229D /* TripCollectionViewCell.swift in Sources */ = {isa = PBXBuildFile; fileRef = 1655944B25C5FEDF002B229D /* TripCollectionViewCell.swift */; };
		1655944F25C601B5002B229D /* Trip.swift in Sources */ = {isa = PBXBuildFile; fileRef = 1655944E25C601B5002B229D /* Trip.swift */; };
/* End PBXBuildFile section */

/* Begin PBXFileReference section */
		1655943325C5DC32002B229D /* 09CarouselApp.app */ = {isa = PBXFileReference; explicitFileType = wrapper.application; includeInIndex = 0; path = 09CarouselApp.app; sourceTree = BUILT_PRODUCTS_DIR; };
		1655943625C5DC32002B229D /* AppDelegate.swift */ = {isa = PBXFileReference; lastKnownFileType = sourcecode.swift; path = AppDelegate.swift; sourceTree = "<group>"; };
		1655943825C5DC32002B229D /* SceneDelegate.swift */ = {isa = PBXFileReference; lastKnownFileType = sourcecode.swift; path = SceneDelegate.swift; sourceTree = "<group>"; };
		1655943A25C5DC32002B229D /* ViewController.swift */ = {isa = PBXFileReference; lastKnownFileType = sourcecode.swift; path = ViewController.swift; sourceTree = "<group>"; };
		1655943D25C5DC32002B229D /* Base */ = {isa = PBXFileReference; lastKnownFileType = file.storyboard; name = Base; path = Base.lproj/Main.storyboard; sourceTree = "<group>"; };
		1655943F25C5DC33002B229D /* Assets.xcassets */ = {isa = PBXFileReference; lastKnownFileType = folder.assetcatalog; path = Assets.xcassets; sourceTree = "<group>"; };
		1655944225C5DC33002B229D /* Base */ = {isa = PBXFileReference; lastKnownFileType = file.storyboard; name = Base; path = Base.lproj/LaunchScreen.storyboard; sourceTree = "<group>"; };
		1655944425C5DC33002B229D /* Info.plist */ = {isa = PBXFileReference; lastKnownFileType = text.plist.xml; path = Info.plist; sourceTree = "<group>"; };
		1655944B25C5FEDF002B229D /* TripCollectionViewCell.swift */ = {isa = PBXFileReference; lastKnownFileType = sourcecode.swift; path = TripCollectionViewCell.swift; sourceTree = "<group>"; };
		1655944E25C601B5002B229D /* Trip.swift */ = {isa = PBXFileReference; lastKnownFileType = sourcecode.swift; path = Trip.swift; sourceTree = "<group>"; };
/* End PBXFileReference section */

/* Begin PBXFrameworksBuildPhase section */
		1655943025C5DC31002B229D /* Frameworks */ = {
			isa = PBXFrameworksBuildPhase;
			buildActionMask = 2147483647;
			files = (
			);
			runOnlyForDeploymentPostprocessing = 0;
		};
/* End PBXFrameworksBuildPhase section */

/* Begin PBXGroup section */
		1655942A25C5DC31002B229D = {
			isa = PBXGroup;
			children = (
				1655943525C5DC32002B229D /* 09CarouselApp */,
				1655943425C5DC32002B229D /* Products */,
			);
			sourceTree = "<group>";
		};
		1655943425C5DC32002B229D /* Products */ = {
			isa = PBXGroup;
			children = (
				1655943325C5DC32002B229D /* 09CarouselApp.app */,
			);
			name = Products;
			sourceTree = "<group>";
		};
		1655943525C5DC32002B229D /* 09CarouselApp */ = {
			isa = PBXGroup;
			children = (
				1655943625C5DC32002B229D /* AppDelegate.swift */,
				1655943825C5DC32002B229D /* SceneDelegate.swift */,
				1655943A25C5DC32002B229D /* ViewController.swift */,
				1655943C25C5DC32002B229D /* Main.storyboard */,
				1655943F25C5DC33002B229D /* Assets.xcassets */,
				1655944125C5DC33002B229D /* LaunchScreen.storyboard */,
				1655944425C5DC33002B229D /* Info.plist */,
				1655944B25C5FEDF002B229D /* TripCollectionViewCell.swift */,
				1655944E25C601B5002B229D /* Trip.swift */,
			);
			path = 09CarouselApp;
			sourceTree = "<group>";
		};
/* End PBXGroup section */

/* Begin PBXNativeTarget section */
		1655943225C5DC31002B229D /* 09CarouselApp */ = {
			isa = PBXNativeTarget;
			buildConfigurationList = 1655944725C5DC33002B229D /* Build configuration list for PBXNativeTarget "09CarouselApp" */;
			buildPhases = (
				1655942F25C5DC31002B229D /* Sources */,
				1655943025C5DC31002B229D /* Frameworks */,
				1655943125C5DC31002B229D /* Resources */,
			);
			buildRules = (
			);
			dependencies = (
			);
			name = 09CarouselApp;
			productName = 09CarouselApp;
			productReference = 1655943325C5DC32002B229D /* 09CarouselApp.app */;
			productType = "com.apple.product-type.application";
		};
/* End PBXNativeTarget section */

/* Begin PBXProject section */
		1655942B25C5DC31002B229D /* Project object */ = {
			isa = PBXProject;
			attributes = {
				LastSwiftUpdateCheck = 1230;
				LastUpgradeCheck = 1230;
				TargetAttributes = {
					1655943225C5DC31002B229D = {
						CreatedOnToolsVersion = 12.3;
					};
				};
			};
			buildConfigurationList = 1655942E25C5DC31002B229D /* Build configuration list for PBXProject "09CarouselApp" */;
			compatibilityVersion = "Xcode 9.3";
			developmentRegion = en;
			hasScannedForEncodings = 0;
			knownRegions = (
				en,
				Base,
			);
			mainGroup = 1655942A25C5DC31002B229D;
			productRefGroup = 1655943425C5DC32002B229D /* Products */;
			projectDirPath = "";
			projectRoot = "";
			targets = (
				1655943225C5DC31002B229D /* 09CarouselApp */,
			);
		};
/* End PBXProject section */

/* Begin PBXResourcesBuildPhase section */
		1655943125C5DC31002B229D /* Resources */ = {
			isa = PBXResourcesBuildPhase;
			buildActionMask = 2147483647;
			files = (
				1655944325C5DC33002B229D /* LaunchScreen.storyboard in Resources */,
				1655944025C5DC33002B229D /* Assets.xcassets in Resources */,
				1655943E25C5DC32002B229D /* Main.storyboard in Resources */,
			);
			runOnlyForDeploymentPostprocessing = 0;
		};
/* End PBXResourcesBuildPhase section */

/* Begin PBXSourcesBuildPhase section */
		1655942F25C5DC31002B229D /* Sources */ = {
			isa = PBXSourcesBuildPhase;
			buildActionMask = 2147483647;
			files = (
				1655944F25C601B5002B229D /* Trip.swift in Sources */,
				1655943B25C5DC32002B229D /* ViewController.swift in Sources */,
				1655944C25C5FEDF002B229D /* TripCollectionViewCell.swift in Sources */,
				1655943725C5DC32002B229D /* AppDelegate.swift in Sources */,
				1655943925C5DC32002B229D /* SceneDelegate.swift in Sources */,
			);
			runOnlyForDeploymentPostprocessing = 0;
		};
/* End PBXSourcesBuildPhase section */

/* Begin PBXVariantGroup section */
		1655943C25C5DC32002B229D /* Main.storyboard */ = {
			isa = PBXVariantGroup;
			children = (
				1655943D25C5DC32002B229D /* Base */,
			);
			name = Main.storyboard;
			sourceTree = "<group>";
		};
		1655944125C5DC33002B229D /* LaunchScreen.storyboard */ = {
			isa = PBXVariantGroup;
			children = (
				1655944225C5DC33002B229D /* Base */,
			);
			name = LaunchScreen.storyboard;
			sourceTree = "<group>";
		};
/* End PBXVariantGroup section */

/* Begin XCBuildConfiguration section */
		1655944525C5DC33002B229D /* Debug */ = {
			isa = XCBuildConfiguration;
			buildSettings = {
				ALWAYS_SEARCH_USER_PATHS = NO;
				CLANG_ANALYZER_NONNULL = YES;
				CLANG_ANALYZER_NUMBER_OBJECT_CONVERSION = YES_AGGRESSIVE;
				CLANG_CXX_LANGUAGE_STANDARD = "gnu++14";
				CLANG_CXX_LIBRARY = "libc++";
				CLANG_ENABLE_MODULES = YES;
				CLANG_ENABLE_OBJC_ARC = YES;
				CLANG_ENABLE_OBJC_WEAK = YES;
				CLANG_WARN_BLOCK_CAPTURE_AUTORELEASING = YES;
				CLANG_WARN_BOOL_CONVERSION = YES;
				CLANG_WARN_COMMA = YES;
				CLANG_WARN_CONSTANT_CONVERSION = YES;
				CLANG_WARN_DEPRECATED_OBJC_IMPLEMENTATIONS = YES;
				CLANG_WARN_DIRECT_OBJC_ISA_USAGE = YES_ERROR;
				CLANG_WARN_DOCUMENTATION_COMMENTS = YES;
				CLANG_WARN_EMPTY_BODY = YES;
				CLANG_WARN_ENUM_CONVERSION = YES;
				CLANG_WARN_INFINITE_RECURSION = YES;
				CLANG_WARN_INT_CONVERSION = YES;
				CLANG_WARN_NON_LITERAL_NULL_CONVERSION = YES;
				CLANG_WARN_OBJC_IMPLICIT_RETAIN_SELF = YES;
				CLANG_WARN_OBJC_LITERAL_CONVERSION = YES;
				CLANG_WARN_OBJC_ROOT_CLASS = YES_ERROR;
				CLANG_WARN_QUOTED_INCLUDE_IN_FRAMEWORK_HEADER = YES;
				CLANG_WARN_RANGE_LOOP_ANALYSIS = YES;
				CLANG_WARN_STRICT_PROTOTYPES = YES;
				CLANG_WARN_SUSPICIOUS_MOVE = YES;
				CLANG_WARN_UNGUARDED_AVAILABILITY = YES_AGGRESSIVE;
				CLANG_WARN_UNREACHABLE_CODE = YES;
				CLANG_WARN__DUPLICATE_METHOD_MATCH = YES;
				COPY_PHASE_STRIP = NO;
				DEBUG_INFORMATION_FORMAT = dwarf;
				ENABLE_STRICT_OBJC_MSGSEND = YES;
				ENABLE_TESTABILITY = YES;
				GCC_C_LANGUAGE_STANDARD = gnu11;
				GCC_DYNAMIC_NO_PIC = NO;
				GCC_NO_COMMON_BLOCKS = YES;
				GCC_OPTIMIZATION_LEVEL = 0;
				GCC_PREPROCESSOR_DEFINITIONS = (
					"DEBUG=1",
					"$(inherited)",
				);
				GCC_WARN_64_TO_32_BIT_CONVERSION = YES;
				GCC_WARN_ABOUT_RETURN_TYPE = YES_ERROR;
				GCC_WARN_UNDECLARED_SELECTOR = YES;
				GCC_WARN_UNINITIALIZED_AUTOS = YES_AGGRESSIVE;
				GCC_WARN_UNUSED_FUNCTION = YES;
				GCC_WARN_UNUSED_VARIABLE = YES;
				IPHONEOS_DEPLOYMENT_TARGET = 14.3;
				MTL_ENABLE_DEBUG_INFO = INCLUDE_SOURCE;
				MTL_FAST_MATH = YES;
				ONLY_ACTIVE_ARCH = YES;
				SDKROOT = iphoneos;
				SWIFT_ACTIVE_COMPILATION_CONDITIONS = DEBUG;
				SWIFT_OPTIMIZATION_LEVEL = "-Onone";
			};
			name = Debug;
		};
		1655944625C5DC33002B229D /* Release */ = {
			isa = XCBuildConfiguration;
			buildSettings = {
				ALWAYS_SEARCH_USER_PATHS = NO;
				CLANG_ANALYZER_NONNULL = YES;
				CLANG_ANALYZER_NUMBER_OBJECT_CONVERSION = YES_AGGRESSIVE;
				CLANG_CXX_LANGUAGE_STANDARD = "gnu++14";
				CLANG_CXX_LIBRARY = "libc++";
				CLANG_ENABLE_MODULES = YES;
				CLANG_ENABLE_OBJC_ARC = YES;
				CLANG_ENABLE_OBJC_WEAK = YES;
				CLANG_WARN_BLOCK_CAPTURE_AUTORELEASING = YES;
				CLANG_WARN_BOOL_CONVERSION = YES;
				CLANG_WARN_COMMA = YES;
				CLANG_WARN_CONSTANT_CONVERSION = YES;
				CLANG_WARN_DEPRECATED_OBJC_IMPLEMENTATIONS = YES;
				CLANG_WARN_DIRECT_OBJC_ISA_USAGE = YES_ERROR;
				CLANG_WARN_DOCUMENTATION_COMMENTS = YES;
				CLANG_WARN_EMPTY_BODY = YES;
				CLANG_WARN_ENUM_CONVERSION = YES;
				CLANG_WARN_INFINITE_RECURSION = YES;
				CLANG_WARN_INT_CONVERSION = YES;
				CLANG_WARN_NON_LITERAL_NULL_CONVERSION = YES;
				CLANG_WARN_OBJC_IMPLICIT_RETAIN_SELF = YES;
				CLANG_WARN_OBJC_LITERAL_CONVERSION = YES;
				CLANG_WARN_OBJC_ROOT_CLASS = YES_ERROR;
				CLANG_WARN_QUOTED_INCLUDE_IN_FRAMEWORK_HEADER = YES;
				CLANG_WARN_RANGE_LOOP_ANALYSIS = YES;
				CLANG_WARN_STRICT_PROTOTYPES = YES;
				CLANG_WARN_SUSPICIOUS_MOVE = YES;
				CLANG_WARN_UNGUARDED_AVAILABILITY = YES_AGGRESSIVE;
				CLANG_WARN_UNREACHABLE_CODE = YES;
				CLANG_WARN__DUPLICATE_METHOD_MATCH = YES;
				COPY_PHASE_STRIP = NO;
				DEBUG_INFORMATION_FORMAT = "dwarf-with-dsym";
				ENABLE_NS_ASSERTIONS = NO;
				ENABLE_STRICT_OBJC_MSGSEND = YES;
				GCC_C_LANGUAGE_STANDARD = gnu11;
				GCC_NO_COMMON_BLOCKS = YES;
				GCC_WARN_64_TO_32_BIT_CONVERSION = YES;
				GCC_WARN_ABOUT_RETURN_TYPE = YES_ERROR;
				GCC_WARN_UNDECLARED_SELECTOR = YES;
				GCC_WARN_UNINITIALIZED_AUTOS = YES_AGGRESSIVE;
				GCC_WARN_UNUSED_FUNCTION = YES;
				GCC_WARN_UNUSED_VARIABLE = YES;
				IPHONEOS_DEPLOYMENT_TARGET = 14.3;
				MTL_ENABLE_DEBUG_INFO = NO;
				MTL_FAST_MATH = YES;
				SDKROOT = iphoneos;
				SWIFT_COMPILATION_MODE = wholemodule;
				SWIFT_OPTIMIZATION_LEVEL = "-O";
				VALIDATE_PRODUCT = YES;
			};
			name = Release;
		};
		1655944825C5DC33002B229D /* Debug */ = {
			isa = XCBuildConfiguration;
			buildSettings = {
				ASSETCATALOG_COMPILER_APPICON_NAME = AppIcon;
				ASSETCATALOG_COMPILER_GLOBAL_ACCENT_COLOR_NAME = AccentColor;
				CODE_SIGN_STYLE = Automatic;
				INFOPLIST_FILE = 09CarouselApp/Info.plist;
				LD_RUNPATH_SEARCH_PATHS = (
					"$(inherited)",
					"@executable_path/Frameworks",
				);
				PRODUCT_BUNDLE_IDENTIFIER = "dariaeremina.-9CarouselApp";
				PRODUCT_NAME = "$(TARGET_NAME)";
				SWIFT_VERSION = 5.0;
				TARGETED_DEVICE_FAMILY = "1,2";
			};
			name = Debug;
		};
		1655944925C5DC33002B229D /* Release */ = {
			isa = XCBuildConfiguration;
			buildSettings = {
				ASSETCATALOG_COMPILER_APPICON_NAME = AppIcon;
				ASSETCATALOG_COMPILER_GLOBAL_ACCENT_COLOR_NAME = AccentColor;
				CODE_SIGN_STYLE = Automatic;
				INFOPLIST_FILE = 09CarouselApp/Info.plist;
				LD_RUNPATH_SEARCH_PATHS = (
					"$(inherited)",
					"@executable_path/Frameworks",
				);
				PRODUCT_BUNDLE_IDENTIFIER = "dariaeremina.-9CarouselApp";
				PRODUCT_NAME = "$(TARGET_NAME)";
				SWIFT_VERSION = 5.0;
				TARGETED_DEVICE_FAMILY = "1,2";
			};
			name = Release;
		};
/* End XCBuildConfiguration section */

/* Begin XCConfigurationList section */
		1655942E25C5DC31002B229D /* Build configuration list for PBXProject "09CarouselApp" */ = {
			isa = XCConfigurationList;
			buildConfigurations = (
				1655944525C5DC33002B229D /* Debug */,
				1655944625C5DC33002B229D /* Release */,
			);
			defaultConfigurationIsVisible = 0;
			defaultConfigurationName = Release;
		};
		1655944725C5DC33002B229D /* Build configuration list for PBXNativeTarget "09CarouselApp" */ = {
			isa = XCConfigurationList;
			buildConfigurations = (
				1655944825C5DC33002B229D /* Debug */,
				1655944925C5DC33002B229D /* Release */,
			);
			defaultConfigurationIsVisible = 0;
			defaultConfigurationName = Release;
		};
/* End XCConfigurationList section */
	};
	rootObject = 1655942B25C5DC31002B229D /* Project object */;
}
