// !$*UTF8*$!
{
	archiveVersion = 1;
	classes = {
	};
	objectVersion = 50;
	objects = {

/* Begin PBXBuildFile section */
		16DD70772571CFEB0025DC8D /* AppDelegate.swift in Sources */ = {isa = PBXBuildFile; fileRef = 16DD70762571CFEB0025DC8D /* AppDelegate.swift */; };
		16DD70792571CFEB0025DC8D /* SceneDelegate.swift in Sources */ = {isa = PBXBuildFile; fileRef = 16DD70782571CFEB0025DC8D /* SceneDelegate.swift */; };
		16DD707B2571CFEB0025DC8D /* ViewController.swift in Sources */ = {isa = PBXBuildFile; fileRef = 16DD707A2571CFEB0025DC8D /* ViewController.swift */; };
		16DD707E2571CFEB0025DC8D /* Main.storyboard in Resources */ = {isa = PBXBuildFile; fileRef = 16DD707C2571CFEB0025DC8D /* Main.storyboard */; };
		16DD70802571CFED0025DC8D /* Assets.xcassets in Resources */ = {isa = PBXBuildFile; fileRef = 16DD707F2571CFED0025DC8D /* Assets.xcassets */; };
		16DD70832571CFED0025DC8D /* LaunchScreen.storyboard in Resources */ = {isa = PBXBuildFile; fileRef = 16DD70812571CFED0025DC8D /* LaunchScreen.storyboard */; };
		16DD708C2571D1F20025DC8D /* DetailViewController.swift in Sources */ = {isa = PBXBuildFile; fileRef = 16DD708B2571D1F20025DC8D /* DetailViewController.swift */; };
		16DD70902571D26B0025DC8D /* CommitsApp.xcdatamodeld in Sources */ = {isa = PBXBuildFile; fileRef = 16DD708E2571D26B0025DC8D /* CommitsApp.xcdatamodeld */; };
		16DD70942571D42A0025DC8D /* Commit+CoreDataClass.swift in Sources */ = {isa = PBXBuildFile; fileRef = 16DD70922571D42A0025DC8D /* Commit+CoreDataClass.swift */; };
		16DD70952571D42A0025DC8D /* Commit+CoreDataProperties.swift in Sources */ = {isa = PBXBuildFile; fileRef = 16DD70932571D42A0025DC8D /* Commit+CoreDataProperties.swift */; };
		16DD70982571D4A40025DC8D /* SwiftyJSON.swift in Sources */ = {isa = PBXBuildFile; fileRef = 16DD70972571D4A40025DC8D /* SwiftyJSON.swift */; };
		16DD709C2571E0F60025DC8D /* Author+CoreDataClass.swift in Sources */ = {isa = PBXBuildFile; fileRef = 16DD709A2571E0F60025DC8D /* Author+CoreDataClass.swift */; };
		16DD709D2571E0F60025DC8D /* Author+CoreDataProperties.swift in Sources */ = {isa = PBXBuildFile; fileRef = 16DD709B2571E0F60025DC8D /* Author+CoreDataProperties.swift */; };
/* End PBXBuildFile section */

/* Begin PBXFileReference section */
		16DD70732571CFEB0025DC8D /* 04CommitsApp.app */ = {isa = PBXFileReference; explicitFileType = wrapper.application; includeInIndex = 0; path = 04CommitsApp.app; sourceTree = BUILT_PRODUCTS_DIR; };
		16DD70762571CFEB0025DC8D /* AppDelegate.swift */ = {isa = PBXFileReference; lastKnownFileType = sourcecode.swift; path = AppDelegate.swift; sourceTree = "<group>"; };
		16DD70782571CFEB0025DC8D /* SceneDelegate.swift */ = {isa = PBXFileReference; lastKnownFileType = sourcecode.swift; path = SceneDelegate.swift; sourceTree = "<group>"; };
		16DD707A2571CFEB0025DC8D /* ViewController.swift */ = {isa = PBXFileReference; lastKnownFileType = sourcecode.swift; path = ViewController.swift; sourceTree = "<group>"; };
		16DD707D2571CFEB0025DC8D /* Base */ = {isa = PBXFileReference; lastKnownFileType = file.storyboard; name = Base; path = Base.lproj/Main.storyboard; sourceTree = "<group>"; };
		16DD707F2571CFED0025DC8D /* Assets.xcassets */ = {isa = PBXFileReference; lastKnownFileType = folder.assetcatalog; path = Assets.xcassets; sourceTree = "<group>"; };
		16DD70822571CFED0025DC8D /* Base */ = {isa = PBXFileReference; lastKnownFileType = file.storyboard; name = Base; path = Base.lproj/LaunchScreen.storyboard; sourceTree = "<group>"; };
		16DD70842571CFED0025DC8D /* Info.plist */ = {isa = PBXFileReference; lastKnownFileType = text.plist.xml; path = Info.plist; sourceTree = "<group>"; };
		16DD708B2571D1F20025DC8D /* DetailViewController.swift */ = {isa = PBXFileReference; lastKnownFileType = sourcecode.swift; path = DetailViewController.swift; sourceTree = "<group>"; };
		16DD708F2571D26B0025DC8D /* CommitsApp.xcdatamodel */ = {isa = PBXFileReference; lastKnownFileType = wrapper.xcdatamodel; path = CommitsApp.xcdatamodel; sourceTree = "<group>"; };
		16DD70922571D42A0025DC8D /* Commit+CoreDataClass.swift */ = {isa = PBXFileReference; lastKnownFileType = sourcecode.swift; path = "Commit+CoreDataClass.swift"; sourceTree = SOURCE_ROOT; };
		16DD70932571D42A0025DC8D /* Commit+CoreDataProperties.swift */ = {isa = PBXFileReference; lastKnownFileType = sourcecode.swift; path = "Commit+CoreDataProperties.swift"; sourceTree = SOURCE_ROOT; };
		16DD70972571D4A40025DC8D /* SwiftyJSON.swift */ = {isa = PBXFileReference; fileEncoding = 4; lastKnownFileType = sourcecode.swift; name = SwiftyJSON.swift; path = "../../../Downloads/HackingWithSwift-main/Classic/project38-files/SwiftyJSON.swift"; sourceTree = "<group>"; };
		16DD709A2571E0F60025DC8D /* Author+CoreDataClass.swift */ = {isa = PBXFileReference; lastKnownFileType = sourcecode.swift; path = "Author+CoreDataClass.swift"; sourceTree = SOURCE_ROOT; };
		16DD709B2571E0F60025DC8D /* Author+CoreDataProperties.swift */ = {isa = PBXFileReference; lastKnownFileType = sourcecode.swift; path = "Author+CoreDataProperties.swift"; sourceTree = SOURCE_ROOT; };
/* End PBXFileReference section */

/* Begin PBXFrameworksBuildPhase section */
		16DD70702571CFEB0025DC8D /* Frameworks */ = {
			isa = PBXFrameworksBuildPhase;
			buildActionMask = 2147483647;
			files = (
			);
			runOnlyForDeploymentPostprocessing = 0;
		};
/* End PBXFrameworksBuildPhase section */

/* Begin PBXGroup section */
		16DD706A2571CFEB0025DC8D = {
			isa = PBXGroup;
			children = (
				16DD70752571CFEB0025DC8D /* 04CommitsApp */,
				16DD70742571CFEB0025DC8D /* Products */,
			);
			sourceTree = "<group>";
		};
		16DD70742571CFEB0025DC8D /* Products */ = {
			isa = PBXGroup;
			children = (
				16DD70732571CFEB0025DC8D /* 04CommitsApp.app */,
			);
			name = Products;
			sourceTree = "<group>";
		};
		16DD70752571CFEB0025DC8D /* 04CommitsApp */ = {
			isa = PBXGroup;
			children = (
				16DD709A2571E0F60025DC8D /* Author+CoreDataClass.swift */,
				16DD709B2571E0F60025DC8D /* Author+CoreDataProperties.swift */,
				16DD70922571D42A0025DC8D /* Commit+CoreDataClass.swift */,
				16DD70932571D42A0025DC8D /* Commit+CoreDataProperties.swift */,
				16DD70762571CFEB0025DC8D /* AppDelegate.swift */,
				16DD70782571CFEB0025DC8D /* SceneDelegate.swift */,
				16DD70972571D4A40025DC8D /* SwiftyJSON.swift */,
				16DD707A2571CFEB0025DC8D /* ViewController.swift */,
				16DD707C2571CFEB0025DC8D /* Main.storyboard */,
				16DD708E2571D26B0025DC8D /* CommitsApp.xcdatamodeld */,
				16DD708B2571D1F20025DC8D /* DetailViewController.swift */,
				16DD707F2571CFED0025DC8D /* Assets.xcassets */,
				16DD70812571CFED0025DC8D /* LaunchScreen.storyboard */,
				16DD70842571CFED0025DC8D /* Info.plist */,
			);
			path = 04CommitsApp;
			sourceTree = "<group>";
		};
/* End PBXGroup section */

/* Begin PBXNativeTarget section */
		16DD70722571CFEB0025DC8D /* 04CommitsApp */ = {
			isa = PBXNativeTarget;
			buildConfigurationList = 16DD70872571CFED0025DC8D /* Build configuration list for PBXNativeTarget "04CommitsApp" */;
			buildPhases = (
				16DD706F2571CFEB0025DC8D /* Sources */,
				16DD70702571CFEB0025DC8D /* Frameworks */,
				16DD70712571CFEB0025DC8D /* Resources */,
			);
			buildRules = (
			);
			dependencies = (
			);
			name = 04CommitsApp;
			productName = 04CommitsApp;
			productReference = 16DD70732571CFEB0025DC8D /* 04CommitsApp.app */;
			productType = "com.apple.product-type.application";
		};
/* End PBXNativeTarget section */

/* Begin PBXProject section */
		16DD706B2571CFEB0025DC8D /* Project object */ = {
			isa = PBXProject;
			attributes = {
				LastSwiftUpdateCheck = 1220;
				LastUpgradeCheck = 1220;
				TargetAttributes = {
					16DD70722571CFEB0025DC8D = {
						CreatedOnToolsVersion = 12.2;
					};
				};
			};
			buildConfigurationList = 16DD706E2571CFEB0025DC8D /* Build configuration list for PBXProject "04CommitsApp" */;
			compatibilityVersion = "Xcode 9.3";
			developmentRegion = en;
			hasScannedForEncodings = 0;
			knownRegions = (
				en,
				Base,
			);
			mainGroup = 16DD706A2571CFEB0025DC8D;
			productRefGroup = 16DD70742571CFEB0025DC8D /* Products */;
			projectDirPath = "";
			projectRoot = "";
			targets = (
				16DD70722571CFEB0025DC8D /* 04CommitsApp */,
			);
		};
/* End PBXProject section */

/* Begin PBXResourcesBuildPhase section */
		16DD70712571CFEB0025DC8D /* Resources */ = {
			isa = PBXResourcesBuildPhase;
			buildActionMask = 2147483647;
			files = (
				16DD70832571CFED0025DC8D /* LaunchScreen.storyboard in Resources */,
				16DD70802571CFED0025DC8D /* Assets.xcassets in Resources */,
				16DD707E2571CFEB0025DC8D /* Main.storyboard in Resources */,
			);
			runOnlyForDeploymentPostprocessing = 0;
		};
/* End PBXResourcesBuildPhase section */

/* Begin PBXSourcesBuildPhase section */
		16DD706F2571CFEB0025DC8D /* Sources */ = {
			isa = PBXSourcesBuildPhase;
			buildActionMask = 2147483647;
			files = (
				16DD70942571D42A0025DC8D /* Commit+CoreDataClass.swift in Sources */,
				16DD707B2571CFEB0025DC8D /* ViewController.swift in Sources */,
				16DD70952571D42A0025DC8D /* Commit+CoreDataProperties.swift in Sources */,
				16DD70982571D4A40025DC8D /* SwiftyJSON.swift in Sources */,
				16DD70772571CFEB0025DC8D /* AppDelegate.swift in Sources */,
				16DD70792571CFEB0025DC8D /* SceneDelegate.swift in Sources */,
				16DD709C2571E0F60025DC8D /* Author+CoreDataClass.swift in Sources */,
				16DD708C2571D1F20025DC8D /* DetailViewController.swift in Sources */,
				16DD709D2571E0F60025DC8D /* Author+CoreDataProperties.swift in Sources */,
				16DD70902571D26B0025DC8D /* CommitsApp.xcdatamodeld in Sources */,
			);
			runOnlyForDeploymentPostprocessing = 0;
		};
/* End PBXSourcesBuildPhase section */

/* Begin PBXVariantGroup section */
		16DD707C2571CFEB0025DC8D /* Main.storyboard */ = {
			isa = PBXVariantGroup;
			children = (
				16DD707D2571CFEB0025DC8D /* Base */,
			);
			name = Main.storyboard;
			sourceTree = "<group>";
		};
		16DD70812571CFED0025DC8D /* LaunchScreen.storyboard */ = {
			isa = PBXVariantGroup;
			children = (
				16DD70822571CFED0025DC8D /* Base */,
			);
			name = LaunchScreen.storyboard;
			sourceTree = "<group>";
		};
/* End PBXVariantGroup section */

/* Begin XCBuildConfiguration section */
		16DD70852571CFED0025DC8D /* Debug */ = {
			isa = XCBuildConfiguration;
			buildSettings = {
				ALWAYS_SEARCH_USER_PATHS = NO;
				CLANG_ANALYZER_NONNULL = YES;
				CLANG_ANALYZER_NUMBER_OBJECT_CONVERSION = YES_AGGRESSIVE;
				CLANG_CXX_LANGUAGE_STANDARD = "gnu++14";
				CLANG_CXX_LIBRARY = "libc++";
				CLANG_ENABLE_MODULES = YES;
				CLANG_ENABLE_OBJC_ARC = YES;
				CLANG_ENABLE_OBJC_WEAK = YES;
				CLANG_WARN_BLOCK_CAPTURE_AUTORELEASING = YES;
				CLANG_WARN_BOOL_CONVERSION = YES;
				CLANG_WARN_COMMA = YES;
				CLANG_WARN_CONSTANT_CONVERSION = YES;
				CLANG_WARN_DEPRECATED_OBJC_IMPLEMENTATIONS = YES;
				CLANG_WARN_DIRECT_OBJC_ISA_USAGE = YES_ERROR;
				CLANG_WARN_DOCUMENTATION_COMMENTS = YES;
				CLANG_WARN_EMPTY_BODY = YES;
				CLANG_WARN_ENUM_CONVERSION = YES;
				CLANG_WARN_INFINITE_RECURSION = YES;
				CLANG_WARN_INT_CONVERSION = YES;
				CLANG_WARN_NON_LITERAL_NULL_CONVERSION = YES;
				CLANG_WARN_OBJC_IMPLICIT_RETAIN_SELF = YES;
				CLANG_WARN_OBJC_LITERAL_CONVERSION = YES;
				CLANG_WARN_OBJC_ROOT_CLASS = YES_ERROR;
				CLANG_WARN_QUOTED_INCLUDE_IN_FRAMEWORK_HEADER = YES;
				CLANG_WARN_RANGE_LOOP_ANALYSIS = YES;
				CLANG_WARN_STRICT_PROTOTYPES = YES;
				CLANG_WARN_SUSPICIOUS_MOVE = YES;
				CLANG_WARN_UNGUARDED_AVAILABILITY = YES_AGGRESSIVE;
				CLANG_WARN_UNREACHABLE_CODE = YES;
				CLANG_WARN__DUPLICATE_METHOD_MATCH = YES;
				COPY_PHASE_STRIP = NO;
				DEBUG_INFORMATION_FORMAT = dwarf;
				ENABLE_STRICT_OBJC_MSGSEND = YES;
				ENABLE_TESTABILITY = YES;
				GCC_C_LANGUAGE_STANDARD = gnu11;
				GCC_DYNAMIC_NO_PIC = NO;
				GCC_NO_COMMON_BLOCKS = YES;
				GCC_OPTIMIZATION_LEVEL = 0;
				GCC_PREPROCESSOR_DEFINITIONS = (
					"DEBUG=1",
					"$(inherited)",
				);
				GCC_WARN_64_TO_32_BIT_CONVERSION = YES;
				GCC_WARN_ABOUT_RETURN_TYPE = YES_ERROR;
				GCC_WARN_UNDECLARED_SELECTOR = YES;
				GCC_WARN_UNINITIALIZED_AUTOS = YES_AGGRESSIVE;
				GCC_WARN_UNUSED_FUNCTION = YES;
				GCC_WARN_UNUSED_VARIABLE = YES;
				IPHONEOS_DEPLOYMENT_TARGET = 14.2;
				MTL_ENABLE_DEBUG_INFO = INCLUDE_SOURCE;
				MTL_FAST_MATH = YES;
				ONLY_ACTIVE_ARCH = YES;
				SDKROOT = iphoneos;
				SWIFT_ACTIVE_COMPILATION_CONDITIONS = DEBUG;
				SWIFT_OPTIMIZATION_LEVEL = "-Onone";
			};
			name = Debug;
		};
		16DD70862571CFED0025DC8D /* Release */ = {
			isa = XCBuildConfiguration;
			buildSettings = {
				ALWAYS_SEARCH_USER_PATHS = NO;
				CLANG_ANALYZER_NONNULL = YES;
				CLANG_ANALYZER_NUMBER_OBJECT_CONVERSION = YES_AGGRESSIVE;
				CLANG_CXX_LANGUAGE_STANDARD = "gnu++14";
				CLANG_CXX_LIBRARY = "libc++";
				CLANG_ENABLE_MODULES = YES;
				CLANG_ENABLE_OBJC_ARC = YES;
				CLANG_ENABLE_OBJC_WEAK = YES;
				CLANG_WARN_BLOCK_CAPTURE_AUTORELEASING = YES;
				CLANG_WARN_BOOL_CONVERSION = YES;
				CLANG_WARN_COMMA = YES;
				CLANG_WARN_CONSTANT_CONVERSION = YES;
				CLANG_WARN_DEPRECATED_OBJC_IMPLEMENTATIONS = YES;
				CLANG_WARN_DIRECT_OBJC_ISA_USAGE = YES_ERROR;
				CLANG_WARN_DOCUMENTATION_COMMENTS = YES;
				CLANG_WARN_EMPTY_BODY = YES;
				CLANG_WARN_ENUM_CONVERSION = YES;
				CLANG_WARN_INFINITE_RECURSION = YES;
				CLANG_WARN_INT_CONVERSION = YES;
				CLANG_WARN_NON_LITERAL_NULL_CONVERSION = YES;
				CLANG_WARN_OBJC_IMPLICIT_RETAIN_SELF = YES;
				CLANG_WARN_OBJC_LITERAL_CONVERSION = YES;
				CLANG_WARN_OBJC_ROOT_CLASS = YES_ERROR;
				CLANG_WARN_QUOTED_INCLUDE_IN_FRAMEWORK_HEADER = YES;
				CLANG_WARN_RANGE_LOOP_ANALYSIS = YES;
				CLANG_WARN_STRICT_PROTOTYPES = YES;
				CLANG_WARN_SUSPICIOUS_MOVE = YES;
				CLANG_WARN_UNGUARDED_AVAILABILITY = YES_AGGRESSIVE;
				CLANG_WARN_UNREACHABLE_CODE = YES;
				CLANG_WARN__DUPLICATE_METHOD_MATCH = YES;
				COPY_PHASE_STRIP = NO;
				DEBUG_INFORMATION_FORMAT = "dwarf-with-dsym";
				ENABLE_NS_ASSERTIONS = NO;
				ENABLE_STRICT_OBJC_MSGSEND = YES;
				GCC_C_LANGUAGE_STANDARD = gnu11;
				GCC_NO_COMMON_BLOCKS = YES;
				GCC_WARN_64_TO_32_BIT_CONVERSION = YES;
				GCC_WARN_ABOUT_RETURN_TYPE = YES_ERROR;
				GCC_WARN_UNDECLARED_SELECTOR = YES;
				GCC_WARN_UNINITIALIZED_AUTOS = YES_AGGRESSIVE;
				GCC_WARN_UNUSED_FUNCTION = YES;
				GCC_WARN_UNUSED_VARIABLE = YES;
				IPHONEOS_DEPLOYMENT_TARGET = 14.2;
				MTL_ENABLE_DEBUG_INFO = NO;
				MTL_FAST_MATH = YES;
				SDKROOT = iphoneos;
				SWIFT_COMPILATION_MODE = wholemodule;
				SWIFT_OPTIMIZATION_LEVEL = "-O";
				VALIDATE_PRODUCT = YES;
			};
			name = Release;
		};
		16DD70882571CFED0025DC8D /* Debug */ = {
			isa = XCBuildConfiguration;
			buildSettings = {
				ASSETCATALOG_COMPILER_APPICON_NAME = AppIcon;
				ASSETCATALOG_COMPILER_GLOBAL_ACCENT_COLOR_NAME = AccentColor;
				CODE_SIGN_STYLE = Automatic;
				INFOPLIST_FILE = 04CommitsApp/Info.plist;
				LD_RUNPATH_SEARCH_PATHS = (
					"$(inherited)",
					"@executable_path/Frameworks",
				);
				PRODUCT_BUNDLE_IDENTIFIER = "dariaeremina.-4CommitsApp";
				PRODUCT_NAME = "$(TARGET_NAME)";
				SWIFT_VERSION = 5.0;
				TARGETED_DEVICE_FAMILY = "1,2";
			};
			name = Debug;
		};
		16DD70892571CFED0025DC8D /* Release */ = {
			isa = XCBuildConfiguration;
			buildSettings = {
				ASSETCATALOG_COMPILER_APPICON_NAME = AppIcon;
				ASSETCATALOG_COMPILER_GLOBAL_ACCENT_COLOR_NAME = AccentColor;
				CODE_SIGN_STYLE = Automatic;
				INFOPLIST_FILE = 04CommitsApp/Info.plist;
				LD_RUNPATH_SEARCH_PATHS = (
					"$(inherited)",
					"@executable_path/Frameworks",
				);
				PRODUCT_BUNDLE_IDENTIFIER = "dariaeremina.-4CommitsApp";
				PRODUCT_NAME = "$(TARGET_NAME)";
				SWIFT_VERSION = 5.0;
				TARGETED_DEVICE_FAMILY = "1,2";
			};
			name = Release;
		};
/* End XCBuildConfiguration section */

/* Begin XCConfigurationList section */
		16DD706E2571CFEB0025DC8D /* Build configuration list for PBXProject "04CommitsApp" */ = {
			isa = XCConfigurationList;
			buildConfigurations = (
				16DD70852571CFED0025DC8D /* Debug */,
				16DD70862571CFED0025DC8D /* Release */,
			);
			defaultConfigurationIsVisible = 0;
			defaultConfigurationName = Release;
		};
		16DD70872571CFED0025DC8D /* Build configuration list for PBXNativeTarget "04CommitsApp" */ = {
			isa = XCConfigurationList;
			buildConfigurations = (
				16DD70882571CFED0025DC8D /* Debug */,
				16DD70892571CFED0025DC8D /* Release */,
			);
			defaultConfigurationIsVisible = 0;
			defaultConfigurationName = Release;
		};
/* End XCConfigurationList section */

/* Begin XCVersionGroup section */
		16DD708E2571D26B0025DC8D /* CommitsApp.xcdatamodeld */ = {
			isa = XCVersionGroup;
			children = (
				16DD708F2571D26B0025DC8D /* CommitsApp.xcdatamodel */,
			);
			currentVersion = 16DD708F2571D26B0025DC8D /* CommitsApp.xcdatamodel */;
			path = CommitsApp.xcdatamodeld;
			sourceTree = "<group>";
			versionGroupType = wrapper.xcdatamodel;
		};
/* End XCVersionGroup section */
	};
	rootObject = 16DD706B2571CFEB0025DC8D /* Project object */;
}
